{
    "_readme": [
        "This file locks the dependencies of your project to a known state",
        "Read more about it at https://getcomposer.org/doc/01-basic-usage.md#composer-lock-the-lock-file",
        "This file is @generated automatically"
    ],
    "content-hash": "0a3cecfc02cbb3e3e37268f2692c774d",
    "packages": [
        {
            "name": "nepda/youtrack-client",
            "version": "v1.7.8",
            "source": {
                "type": "git",
                "url": "https://github.com/nepda/youtrack-client.git",
                "reference": "02a95e6c499c89406ce0794fa2cc8bf6b2b83c9a"
            },
            "dist": {
                "type": "zip",
                "url": "https://api.github.com/repos/nepda/youtrack-client/zipball/02a95e6c499c89406ce0794fa2cc8bf6b2b83c9a",
                "reference": "02a95e6c499c89406ce0794fa2cc8bf6b2b83c9a",
                "shasum": ""
            },
            "require": {
                "ext-json": ">=1",
                "lib-curl": ">=7",
                "php": ">=5.4"
            },
            "require-dev": {
                "phpunit/dbunit": ">=1.2",
                "phpunit/php-invoker": "*",
                "phpunit/phpunit": "5.*",
                "phpunit/phpunit-selenium": ">=1.2",
                "phpunit/phpunit-story": "*"
            },
            "type": "library",
            "autoload": {
                "psr-0": {
                    "YouTrack\\": "./"
                }
            },
            "notification-url": "https://packagist.org/downloads/",
            "license": [
                "BSD-4-Clause"
            ],
            "authors": [
                {
                    "name": "Nepomuk Fraedrich",
                    "email": "info@nepda.eu"
                },
                {
                    "name": "Sergey Susikov",
                    "email": "sergey.susikov@coldbrainweb.com"
                }
            ],
            "description": "A PHP YouTrack client library",
            "time": "2018-04-13T13:17:55+00:00"
        },
        {
            "name": "vlucas/phpdotenv",
            "version": "v2.4.0",
            "source": {
                "type": "git",
                "url": "https://github.com/vlucas/phpdotenv.git",
                "reference": "3cc116adbe4b11be5ec557bf1d24dc5e3a21d18c"
            },
            "dist": {
                "type": "zip",
                "url": "https://api.github.com/repos/vlucas/phpdotenv/zipball/3cc116adbe4b11be5ec557bf1d24dc5e3a21d18c",
                "reference": "3cc116adbe4b11be5ec557bf1d24dc5e3a21d18c",
                "shasum": ""
            },
            "require": {
                "php": ">=5.3.9"
            },
            "require-dev": {
                "phpunit/phpunit": "^4.8 || ^5.0"
            },
            "type": "library",
            "extra": {
                "branch-alias": {
                    "dev-master": "2.4-dev"
                }
            },
            "autoload": {
                "psr-4": {
                    "Dotenv\\": "src/"
                }
            },
            "notification-url": "https://packagist.org/downloads/",
            "license": [
                "BSD-3-Clause-Attribution"
            ],
            "authors": [
                {
                    "name": "Vance Lucas",
                    "email": "vance@vancelucas.com",
                    "homepage": "http://www.vancelucas.com"
                }
            ],
            "description": "Loads environment variables from `.env` to `getenv()`, `$_ENV` and `$_SERVER` automagically.",
            "keywords": [
                "dotenv",
                "env",
                "environment"
            ],
            "time": "2016-09-01T10:05:43+00:00"
        }
    ],
    "packages-dev": [],
    "aliases": [],
    "minimum-stability": "stable",
    "stability-flags": [],
    "prefer-stable": false,
    "prefer-lowest": false,
    "platform": [],
    "platform-dev": []
}
